
Microsoft Visual Studio Solution File, Format Version 12.00
# Visual Studio Version 17
VisualStudioVersion = 17.2.32630.192
MinimumVisualStudioVersion = 10.0.40219.1
Project("{9A19103F-16F7-4668-BE54-9A1E7A4F7556}") = "WebShop", "WebShop\WebShop.csproj", "{9BAA7BB0-B530-4174-91F3-012D80BB0454}"
EndProject
Project("{9A19103F-16F7-4668-BE54-9A1E7A4F7556}") = "WebShop.Core", "WebShop.Core\WebShop.Core.csproj", "{C56DB475-6CE1-481A-A81E-8E0871C287EC}"
EndProject
Project("{9A19103F-16F7-4668-BE54-9A1E7A4F7556}") = "WebShop.Api", "WebShop.Api\WebShop.Api.csproj", "{8E2A8648-A92C-4E0E-9DE0-325DE7E7D698}"
EndProject
Project("{9A19103F-16F7-4668-BE54-9A1E7A4F7556}") = "WebShop.Grpc", "WebShop.Grpc\WebShop.Grpc.csproj", "{042E2E30-47C7-451A-BFD4-26C84307C931}"
EndProject
Global
	GlobalSection(SolutionConfigurationPlatforms) = preSolution
		Debug|Any CPU = Debug|Any CPU
		Release|Any CPU = Release|Any CPU
	EndGlobalSection
	GlobalSection(ProjectConfigurationPlatforms) = postSolution
		{9BAA7BB0-B530-4174-91F3-012D80BB0454}.Debug|Any CPU.ActiveCfg = Debug|Any CPU
		{9BAA7BB0-B530-4174-91F3-012D80BB0454}.Debug|Any CPU.Build.0 = Debug|Any CPU
		{9BAA7BB0-B530-4174-91F3-012D80BB0454}.Release|Any CPU.ActiveCfg = Release|Any CPU
		{9BAA7BB0-B530-4174-91F3-012D80BB0454}.Release|Any CPU.Build.0 = Release|Any CPU
		{C56DB475-6CE1-481A-A81E-8E0871C287EC}.Debug|Any CPU.ActiveCfg = Debug|Any CPU
		{C56DB475-6CE1-481A-A81E-8E0871C287EC}.Debug|Any CPU.Build.0 = Debug|Any CPU
		{C56DB475-6CE1-481A-A81E-8E0871C287EC}.Release|Any CPU.ActiveCfg = Release|Any CPU
		{C56DB475-6CE1-481A-A81E-8E0871C287EC}.Release|Any CPU.Build.0 = Release|Any CPU
		{8E2A8648-A92C-4E0E-9DE0-325DE7E7D698}.Debug|Any CPU.ActiveCfg = Debug|Any CPU
		{8E2A8648-A92C-4E0E-9DE0-325DE7E7D698}.Debug|Any CPU.Build.0 = Debug|Any CPU
		{8E2A8648-A92C-4E0E-9DE0-325DE7E7D698}.Release|Any CPU.ActiveCfg = Release|Any CPU
		{8E2A8648-A92C-4E0E-9DE0-325DE7E7D698}.Release|Any CPU.Build.0 = Release|Any CPU
		{042E2E30-47C7-451A-BFD4-26C84307C931}.Debug|Any CPU.ActiveCfg = Debug|Any CPU
		{042E2E30-47C7-451A-BFD4-26C84307C931}.Debug|Any CPU.Build.0 = Debug|Any CPU
		{042E2E30-47C7-451A-BFD4-26C84307C931}.Release|Any CPU.ActiveCfg = Release|Any CPU
		{042E2E30-47C7-451A-BFD4-26C84307C931}.Release|Any CPU.Build.0 = Release|Any CPU
	EndGlobalSection
	GlobalSection(SolutionProperties) = preSolution
		HideSolutionNode = FALSE
	EndGlobalSection
	GlobalSection(ExtensibilityGlobals) = postSolution
		SolutionGuid = {2F48D64C-A6B4-4248-B68B-556CC0DDA0CD}
	EndGlobalSection
EndGlobal
